{
  "name": "node",
  "lockfileVersion": 2,
  "requires": true,
  "packages": {
    "": {
      "dependencies": {
        "hexy": "^0.3.1"
      }
    },
    "node_modules/hexy": {
      "version": "0.3.1",
      "resolved": "https://registry.npmjs.org/hexy/-/hexy-0.3.1.tgz",
      "integrity": "sha512-mUarDrcDM53Hwvlm/sMkFQ1TfxOzLhQlDEaSqpIaQV9b+8u7Ba+dPS7zf/Ivx0CVfGzMBbPwuRUUbFy+5vDD7A==",
      "bin": {
        "hexy": "bin/hexy_cmd.js"
      }
    }
  },
  "dependencies": {
    "hexy": {
      "version": "0.3.1",
      "resolved": "https://registry.npmjs.org/hexy/-/hexy-0.3.1.tgz",
      "integrity": "sha512-mUarDrcDM53Hwvlm/sMkFQ1TfxOzLhQlDEaSqpIaQV9b+8u7Ba+dPS7zf/Ivx0CVfGzMBbPwuRUUbFy+5vDD7A=="
    }
  }
}
